{
  "checksum": "25022d01163dadc58c7a1039f3f1621178eba17ad7436593ce7a3f4d582be3e8",
  "crates": {
    "direct-cargo-bazel-deps 0.0.1": {
      "name": "direct-cargo-bazel-deps",
      "version": "0.0.1",
      "repository": null,
      "targets": [
        {
          "Library": {
            "crate_name": "direct_cargo_bazel_deps",
            "crate_root": ".direct_cargo_bazel_deps.rs",
            "srcs": {
              "include": [
                "**/*.rs"
              ],
              "exclude": []
            }
          }
        }
      ],
      "library_target_name": "direct_cargo_bazel_deps",
      "common_attrs": {
        "compile_data_glob": [
          "**"
        ],
        "deps": {
          "common": [
            {
              "id": "serde 1.0.137",
              "target": "serde"
            },
            {
              "id": "serde_json 1.0.81",
              "target": "serde_json"
            }
          ],
          "selects": {}
        },
        "edition": "2018",
        "version": "0.0.1"
      },
      "license": null
    },
    "itoa 1.0.2": {
      "name": "itoa",
      "version": "1.0.2",
      "repository": {
        "Http": {
          "url": "https://crates.io/api/v1/crates/itoa/1.0.2/download",
          "sha256": "112c678d4050afce233f4f2852bb2eb519230b3cf12f33585275537d7e41578d"
        }
      },
      "targets": [
        {
          "Library": {
            "crate_name": "itoa",
            "crate_root": "src/lib.rs",
            "srcs": {
              "include": [
                "**/*.rs"
              ],
              "exclude": []
            }
          }
        }
      ],
      "library_target_name": "itoa",
      "common_attrs": {
        "compile_data_glob": [
          "**"
        ],
        "edition": "2018",
        "version": "1.0.2"
      },
      "license": "MIT OR Apache-2.0"
    },
    "proc-macro2 1.0.39": {
      "name": "proc-macro2",
      "version": "1.0.39",
      "repository": {
        "Http": {
          "url": "https://crates.io/api/v1/crates/proc-macro2/1.0.39/download",
          "sha256": "c54b25569025b7fc9651de43004ae593a75ad88543b17178aa5e1b9c4f15f56f"
        }
      },
      "targets": [
        {
          "Library": {
            "crate_name": "proc_macro2",
            "crate_root": "src/lib.rs",
            "srcs": {
              "include": [
                "**/*.rs"
              ],
              "exclude": []
            }
          }
        },
        {
          "BuildScript": {
            "crate_name": "build_script_build",
            "crate_root": "build.rs",
            "srcs": {
              "include": [
                "**/*.rs"
              ],
              "exclude": []
            }
          }
        }
      ],
      "library_target_name": "proc_macro2",
      "common_attrs": {
        "compile_data_glob": [
          "**"
        ],
        "crate_features": [
          "default",
          "proc-macro"
        ],
        "deps": {
          "common": [
            {
              "id": "proc-macro2 1.0.39",
              "target": "build_script_build"
            },
            {
              "id": "unicode-ident 1.0.1",
              "target": "unicode_ident"
            }
          ],
          "selects": {}
        },
        "edition": "2018",
        "version": "1.0.39"
      },
      "build_script_attrs": {
        "data_glob": [
          "**"
        ]
      },
      "license": "MIT OR Apache-2.0"
    },
    "quote 1.0.19": {
      "name": "quote",
      "version": "1.0.19",
      "repository": {
        "Http": {
          "url": "https://crates.io/api/v1/crates/quote/1.0.19/download",
          "sha256": "f53dc8cf16a769a6f677e09e7ff2cd4be1ea0f48754aac39520536962011de0d"
        }
      },
      "targets": [
        {
          "Library": {
            "crate_name": "quote",
            "crate_root": "src/lib.rs",
            "srcs": {
              "include": [
                "**/*.rs"
              ],
              "exclude": []
            }
          }
        }
      ],
      "library_target_name": "quote",
      "common_attrs": {
        "compile_data_glob": [
          "**"
        ],
        "crate_features": [
          "default",
          "proc-macro"
        ],
        "deps": {
          "common": [
            {
              "id": "proc-macro2 1.0.39",
              "target": "proc_macro2"
            }
          ],
          "selects": {}
        },
        "edition": "2018",
        "version": "1.0.19"
      },
      "license": "MIT OR Apache-2.0"
    },
    "ryu 1.0.10": {
      "name": "ryu",
      "version": "1.0.10",
      "repository": {
        "Http": {
          "url": "https://crates.io/api/v1/crates/ryu/1.0.10/download",
          "sha256": "f3f6f92acf49d1b98f7a81226834412ada05458b7364277387724a237f062695"
        }
      },
      "targets": [
        {
          "Library": {
            "crate_name": "ryu",
            "crate_root": "src/lib.rs",
            "srcs": {
              "include": [
                "**/*.rs"
              ],
              "exclude": []
            }
          }
        }
      ],
      "library_target_name": "ryu",
      "common_attrs": {
        "compile_data_glob": [
          "**"
        ],
        "edition": "2018",
        "version": "1.0.10"
      },
      "license": "Apache-2.0 OR BSL-1.0"
    },
    "serde 1.0.137": {
      "name": "serde",
      "version": "1.0.137",
      "repository": {
        "Http": {
          "url": "https://crates.io/api/v1/crates/serde/1.0.137/download",
          "sha256": "61ea8d54c77f8315140a05f4c7237403bf38b72704d031543aa1d16abbf517d1"
        }
      },
      "targets": [
        {
          "Library": {
            "crate_name": "serde",
            "crate_root": "src/lib.rs",
            "srcs": {
              "include": [
                "**/*.rs"
              ],
              "exclude": []
            }
          }
        },
        {
          "BuildScript": {
            "crate_name": "build_script_build",
            "crate_root": "build.rs",
            "srcs": {
              "include": [
                "**/*.rs"
              ],
              "exclude": []
            }
          }
        }
      ],
      "library_target_name": "serde",
      "common_attrs": {
        "compile_data_glob": [
          "**"
        ],
        "crate_features": [
          "default",
          "derive",
          "serde_derive",
          "std"
        ],
        "deps": {
          "common": [
            {
              "id": "serde 1.0.137",
              "target": "build_script_build"
            }
          ],
          "selects": {}
        },
        "edition": "2015",
        "proc_macro_deps": {
          "common": [
            {
              "id": "serde_derive 1.0.137",
              "target": "serde_derive"
            }
          ],
          "selects": {}
        },
        "version": "1.0.137"
      },
      "build_script_attrs": {
        "data_glob": [
          "**"
        ]
      },
      "license": "MIT OR Apache-2.0"
    },
    "serde_derive 1.0.137": {
      "name": "serde_derive",
      "version": "1.0.137",
      "repository": {
        "Http": {
          "url": "https://crates.io/api/v1/crates/serde_derive/1.0.137/download",
          "sha256": "1f26faba0c3959972377d3b2d306ee9f71faee9714294e41bb777f83f88578be"
        }
      },
      "targets": [
        {
          "ProcMacro": {
            "crate_name": "serde_derive",
            "crate_root": "src/lib.rs",
            "srcs": {
              "include": [
                "**/*.rs"
              ],
              "exclude": []
            }
          }
        },
        {
          "BuildScript": {
            "crate_name": "build_script_build",
            "crate_root": "build.rs",
            "srcs": {
              "include": [
                "**/*.rs"
              ],
              "exclude": []
            }
          }
        }
      ],
      "library_target_name": "serde_derive",
      "common_attrs": {
        "compile_data_glob": [
          "**"
        ],
        "crate_features": [
          "default"
        ],
        "deps": {
          "common": [
            {
              "id": "proc-macro2 1.0.39",
              "target": "proc_macro2"
            },
            {
              "id": "quote 1.0.19",
              "target": "quote"
            },
            {
              "id": "serde_derive 1.0.137",
              "target": "build_script_build"
            },
            {
              "id": "syn 1.0.98",
              "target": "syn"
            }
          ],
          "selects": {}
        },
        "edition": "2015",
        "version": "1.0.137"
      },
      "build_script_attrs": {
        "data_glob": [
          "**"
        ]
      },
      "license": "MIT OR Apache-2.0"
    },
    "serde_json 1.0.81": {
      "name": "serde_json",
      "version": "1.0.81",
      "repository": {
        "Http": {
          "url": "https://crates.io/api/v1/crates/serde_json/1.0.81/download",
          "sha256": "9b7ce2b32a1aed03c558dc61a5cd328f15aff2dbc17daad8fb8af04d2100e15c"
        }
      },
      "targets": [
        {
          "Library": {
            "crate_name": "serde_json",
            "crate_root": "src/lib.rs",
            "srcs": {
              "include": [
                "**/*.rs"
              ],
              "exclude": []
            }
          }
        },
        {
          "BuildScript": {
            "crate_name": "build_script_build",
            "crate_root": "build.rs",
            "srcs": {
              "include": [
                "**/*.rs"
              ],
              "exclude": []
            }
          }
        }
      ],
      "library_target_name": "serde_json",
      "common_attrs": {
        "compile_data_glob": [
          "**"
        ],
        "crate_features": [
          "default",
          "std"
        ],
        "deps": {
          "common": [
            {
              "id": "itoa 1.0.2",
              "target": "itoa"
            },
            {
              "id": "ryu 1.0.10",
              "target": "ryu"
            },
            {
              "id": "serde 1.0.137",
              "target": "serde"
            },
            {
              "id": "serde_json 1.0.81",
              "target": "build_script_build"
            }
          ],
          "selects": {}
        },
        "edition": "2018",
        "version": "1.0.81"
      },
      "build_script_attrs": {
        "data_glob": [
          "**"
        ]
      },
      "license": "MIT OR Apache-2.0"
    },
    "syn 1.0.98": {
      "name": "syn",
      "version": "1.0.98",
      "repository": {
        "Http": {
          "url": "https://crates.io/api/v1/crates/syn/1.0.98/download",
          "sha256": "c50aef8a904de4c23c788f104b7dddc7d6f79c647c7c8ce4cc8f73eb0ca773dd"
        }
      },
      "targets": [
        {
          "Library": {
            "crate_name": "syn",
            "crate_root": "src/lib.rs",
            "srcs": {
              "include": [
                "**/*.rs"
              ],
              "exclude": []
            }
          }
        },
        {
          "BuildScript": {
            "crate_name": "build_script_build",
            "crate_root": "build.rs",
            "srcs": {
              "include": [
                "**/*.rs"
              ],
              "exclude": []
            }
          }
        }
      ],
      "library_target_name": "syn",
      "common_attrs": {
        "compile_data_glob": [
          "**"
        ],
        "crate_features": [
          "clone-impls",
          "default",
          "derive",
          "parsing",
          "printing",
          "proc-macro",
          "quote"
        ],
        "deps": {
          "common": [
            {
              "id": "proc-macro2 1.0.39",
              "target": "proc_macro2"
            },
            {
              "id": "quote 1.0.19",
              "target": "quote"
            },
            {
              "id": "syn 1.0.98",
              "target": "build_script_build"
            },
            {
              "id": "unicode-ident 1.0.1",
              "target": "unicode_ident"
            }
          ],
          "selects": {}
        },
        "edition": "2018",
        "version": "1.0.98"
      },
      "build_script_attrs": {
        "data_glob": [
          "**"
        ]
      },
      "license": "MIT OR Apache-2.0"
    },
    "unicode-ident 1.0.1": {
      "name": "unicode-ident",
      "version": "1.0.1",
      "repository": {
        "Http": {
          "url": "https://crates.io/api/v1/crates/unicode-ident/1.0.1/download",
          "sha256": "5bd2fe26506023ed7b5e1e315add59d6f584c621d037f9368fea9cfb988f368c"
        }
      },
      "targets": [
        {
          "Library": {
            "crate_name": "unicode_ident",
            "crate_root": "src/lib.rs",
            "srcs": {
              "include": [
                "**/*.rs"
              ],
              "exclude": []
            }
          }
        }
      ],
      "library_target_name": "unicode_ident",
      "common_attrs": {
        "compile_data_glob": [
          "**"
        ],
        "edition": "2018",
        "version": "1.0.1"
      },
      "license": "MIT OR Apache-2.0"
    }
  },
  "binary_crates": [],
  "workspace_members": {
    "direct-cargo-bazel-deps 0.0.1": ""
  },
  "conditions": {}
}
