{
  "checksum": "0937563c76519d2c0d67d40829424c293fdbec54536b5886c0f3d9effbeaa0dc",
  "crates": {
    "autocfg 1.1.0": {
      "name": "autocfg",
      "version": "1.1.0",
      "repository": {
        "Http": {
          "url": "https://crates.io/api/v1/crates/autocfg/1.1.0/download",
          "sha256": "d468802bab17cbc0cc575e9b053f41e72aa36bfa6b7f55e3529ffa43161b97fa"
        }
      },
      "targets": [
        {
          "Library": {
            "crate_name": "autocfg",
            "crate_root": "src/lib.rs",
            "srcs": {
              "include": [
                "**/*.rs"
              ],
              "exclude": []
            }
          }
        }
      ],
      "library_target_name": "autocfg",
      "common_attrs": {
        "compile_data_glob": [
          "**"
        ],
        "edition": "2015",
        "version": "1.1.0"
      },
      "license": "Apache-2.0 OR MIT"
    },
    "bitflags 1.3.2": {
      "name": "bitflags",
      "version": "1.3.2",
      "repository": {
        "Http": {
          "url": "https://crates.io/api/v1/crates/bitflags/1.3.2/download",
          "sha256": "bef38d45163c2f1dde094a7dfd33ccf595c92905c8f8f4fdc18d06fb1037718a"
        }
      },
      "targets": [
        {
          "Library": {
            "crate_name": "bitflags",
            "crate_root": "src/lib.rs",
            "srcs": {
              "include": [
                "**/*.rs"
              ],
              "exclude": []
            }
          }
        }
      ],
      "library_target_name": "bitflags",
      "common_attrs": {
        "compile_data_glob": [
          "**"
        ],
        "crate_features": [
          "default"
        ],
        "edition": "2018",
        "version": "1.3.2"
      },
      "license": "MIT/Apache-2.0"
    },
    "cfg-if 1.0.0": {
      "name": "cfg-if",
      "version": "1.0.0",
      "repository": {
        "Http": {
          "url": "https://crates.io/api/v1/crates/cfg-if/1.0.0/download",
          "sha256": "baf1de4339761588bc0619e3cbc0120ee582ebb74b53b4efbf79117bd2da40fd"
        }
      },
      "targets": [
        {
          "Library": {
            "crate_name": "cfg_if",
            "crate_root": "src/lib.rs",
            "srcs": {
              "include": [
                "**/*.rs"
              ],
              "exclude": []
            }
          }
        }
      ],
      "library_target_name": "cfg_if",
      "common_attrs": {
        "compile_data_glob": [
          "**"
        ],
        "edition": "2018",
        "version": "1.0.0"
      },
      "license": "MIT/Apache-2.0"
    },
    "clap 3.2.5": {
      "name": "clap",
      "version": "3.2.5",
      "repository": {
        "Http": {
          "url": "https://crates.io/api/v1/crates/clap/3.2.5/download",
          "sha256": "d53da17d37dba964b9b3ecb5c5a1f193a2762c700e6829201e645b9381c99dc7"
        }
      },
      "targets": [
        {
          "Library": {
            "crate_name": "clap",
            "crate_root": "src/lib.rs",
            "srcs": {
              "include": [
                "**/*.rs"
              ],
              "exclude": []
            }
          }
        },
        {
          "Binary": {
            "crate_name": "stdio-fixture",
            "crate_root": "src/bin/stdio-fixture.rs",
            "srcs": {
              "include": [
                "**/*.rs"
              ],
              "exclude": []
            }
          }
        }
      ],
      "library_target_name": "clap",
      "common_attrs": {
        "compile_data_glob": [
          "**"
        ],
        "deps": {
          "common": [
            {
              "id": "bitflags 1.3.2",
              "target": "bitflags"
            },
            {
              "id": "clap_lex 0.2.2",
              "target": "clap_lex"
            },
            {
              "id": "indexmap 1.9.0",
              "target": "indexmap"
            },
            {
              "id": "textwrap 0.15.0",
              "target": "textwrap"
            }
          ],
          "selects": {}
        },
        "edition": "2021",
        "version": "3.2.5"
      },
      "license": "MIT OR Apache-2.0"
    },
    "clap_lex 0.2.2": {
      "name": "clap_lex",
      "version": "0.2.2",
      "repository": {
        "Http": {
          "url": "https://crates.io/api/v1/crates/clap_lex/0.2.2/download",
          "sha256": "5538cd660450ebeb4234cfecf8f2284b844ffc4c50531e66d584ad5b91293613"
        }
      },
      "targets": [
        {
          "Library": {
            "crate_name": "clap_lex",
            "crate_root": "src/lib.rs",
            "srcs": {
              "include": [
                "**/*.rs"
              ],
              "exclude": []
            }
          }
        }
      ],
      "library_target_name": "clap_lex",
      "common_attrs": {
        "compile_data_glob": [
          "**"
        ],
        "deps": {
          "common": [
            {
              "id": "os_str_bytes 6.1.0",
              "target": "os_str_bytes"
            }
          ],
          "selects": {}
        },
        "edition": "2021",
        "version": "0.2.2"
      },
      "license": "MIT OR Apache-2.0"
    },
    "diesel 2.0.0-rc.0": {
      "name": "diesel",
      "version": "2.0.0-rc.0",
      "repository": {
        "Http": {
          "url": "https://crates.io/api/v1/crates/diesel/2.0.0-rc.0/download",
          "sha256": "e531d0abf8147036383c88ce3785d9cda6fe1b8b1183021ffa01cf49c5819d24"
        }
      },
      "targets": [
        {
          "Library": {
            "crate_name": "diesel",
            "crate_root": "src/lib.rs",
            "srcs": {
              "include": [
                "**/*.rs"
              ],
              "exclude": []
            }
          }
        }
      ],
      "library_target_name": "diesel",
      "common_attrs": {
        "compile_data_glob": [
          "**"
        ],
        "crate_features": [
          "32-column-tables",
          "default",
          "libsqlite3-sys",
          "returning_clauses_for_sqlite_3_35",
          "sqlite",
          "with-deprecated"
        ],
        "deps": {
          "common": [
            {
              "id": "libsqlite3-sys 0.24.2",
              "target": "libsqlite3_sys"
            }
          ],
          "selects": {}
        },
        "edition": "2018",
        "proc_macro_deps": {
          "common": [
            {
              "id": "diesel_derives 2.0.0-rc.0",
              "target": "diesel_derives"
            }
          ],
          "selects": {}
        },
        "version": "2.0.0-rc.0"
      },
      "license": "MIT OR Apache-2.0"
    },
    "diesel_derives 2.0.0-rc.0": {
      "name": "diesel_derives",
      "version": "2.0.0-rc.0",
      "repository": {
        "Http": {
          "url": "https://crates.io/api/v1/crates/diesel_derives/2.0.0-rc.0/download",
          "sha256": "212ba0cdc611523c37f26c7b3b4aedb4af7cbfe9239c4e7736a8a7c82284d77b"
        }
      },
      "targets": [
        {
          "ProcMacro": {
            "crate_name": "diesel_derives",
            "crate_root": "src/lib.rs",
            "srcs": {
              "include": [
                "**/*.rs"
              ],
              "exclude": []
            }
          }
        }
      ],
      "library_target_name": "diesel_derives",
      "common_attrs": {
        "compile_data_glob": [
          "**"
        ],
        "crate_features": [
          "32-column-tables",
          "default",
          "sqlite",
          "with-deprecated"
        ],
        "deps": {
          "common": [
            {
              "id": "proc-macro-error 1.0.4",
              "target": "proc_macro_error"
            },
            {
              "id": "proc-macro2 1.0.39",
              "target": "proc_macro2"
            },
            {
              "id": "quote 1.0.19",
              "target": "quote"
            },
            {
              "id": "syn 1.0.98",
              "target": "syn"
            }
          ],
          "selects": {}
        },
        "edition": "2015",
        "version": "2.0.0-rc.0"
      },
      "license": "MIT OR Apache-2.0"
    },
    "diesel_migrations 2.0.0-rc.0": {
      "name": "diesel_migrations",
      "version": "2.0.0-rc.0",
      "repository": {
        "Http": {
          "url": "https://crates.io/api/v1/crates/diesel_migrations/2.0.0-rc.0/download",
          "sha256": "e2edcb7e9cff76af48e7fa33cc4680acc7df19e58a4a4aaed3e2b67fb83bc06d"
        }
      },
      "targets": [
        {
          "Library": {
            "crate_name": "diesel_migrations",
            "crate_root": "src/lib.rs",
            "srcs": {
              "include": [
                "**/*.rs"
              ],
              "exclude": []
            }
          }
        }
      ],
      "library_target_name": "diesel_migrations",
      "common_attrs": {
        "compile_data_glob": [
          "**"
        ],
        "crate_features": [
          "default",
          "sqlite"
        ],
        "deps": {
          "common": [
            {
              "id": "diesel 2.0.0-rc.0",
              "target": "diesel"
            },
            {
              "id": "migrations_internals 2.0.0-rc.0",
              "target": "migrations_internals"
            }
          ],
          "selects": {}
        },
        "edition": "2018",
        "proc_macro_deps": {
          "common": [
            {
              "id": "migrations_macros 2.0.0-rc.0",
              "target": "migrations_macros"
            }
          ],
          "selects": {}
        },
        "version": "2.0.0-rc.0"
      },
      "license": "MIT OR Apache-2.0"
    },
    "direct-cargo-bazel-deps 0.0.1": {
      "name": "direct-cargo-bazel-deps",
      "version": "0.0.1",
      "repository": null,
      "targets": [
        {
          "Library": {
            "crate_name": "direct_cargo_bazel_deps",
            "crate_root": ".direct_cargo_bazel_deps.rs",
            "srcs": {
              "include": [
                "**/*.rs"
              ],
              "exclude": []
            }
          }
        }
      ],
      "library_target_name": "direct_cargo_bazel_deps",
      "common_attrs": {
        "compile_data_glob": [
          "**"
        ],
        "deps": {
          "common": [
            {
              "id": "clap 3.2.5",
              "target": "clap"
            },
            {
              "id": "diesel 2.0.0-rc.0",
              "target": "diesel"
            },
            {
              "id": "diesel_migrations 2.0.0-rc.0",
              "target": "diesel_migrations"
            },
            {
              "id": "rand 0.8.5",
              "target": "rand"
            }
          ],
          "selects": {}
        },
        "edition": "2018",
        "version": "0.0.1"
      },
      "license": null
    },
    "getrandom 0.2.7": {
      "name": "getrandom",
      "version": "0.2.7",
      "repository": {
        "Http": {
          "url": "https://crates.io/api/v1/crates/getrandom/0.2.7/download",
          "sha256": "4eb1a864a501629691edf6c15a593b7a51eebaa1e8468e9ddc623de7c9b58ec6"
        }
      },
      "targets": [
        {
          "Library": {
            "crate_name": "getrandom",
            "crate_root": "src/lib.rs",
            "srcs": {
              "include": [
                "**/*.rs"
              ],
              "exclude": []
            }
          }
        }
      ],
      "library_target_name": "getrandom",
      "common_attrs": {
        "compile_data_glob": [
          "**"
        ],
        "crate_features": [
          "std"
        ],
        "deps": {
          "common": [
            {
              "id": "cfg-if 1.0.0",
              "target": "cfg_if"
            }
          ],
          "selects": {
            "cfg(target_os = \"wasi\")": [
              {
                "id": "wasi 0.11.0+wasi-snapshot-preview1",
                "target": "wasi"
              }
            ],
            "cfg(unix)": [
              {
                "id": "libc 0.2.126",
                "target": "libc"
              }
            ]
          }
        },
        "edition": "2018",
        "version": "0.2.7"
      },
      "license": "MIT OR Apache-2.0"
    },
    "hashbrown 0.12.1": {
      "name": "hashbrown",
      "version": "0.12.1",
      "repository": {
        "Http": {
          "url": "https://crates.io/api/v1/crates/hashbrown/0.12.1/download",
          "sha256": "db0d4cf898abf0081f964436dc980e96670a0f36863e4b83aaacdb65c9d7ccc3"
        }
      },
      "targets": [
        {
          "Library": {
            "crate_name": "hashbrown",
            "crate_root": "src/lib.rs",
            "srcs": {
              "include": [
                "**/*.rs"
              ],
              "exclude": []
            }
          }
        }
      ],
      "library_target_name": "hashbrown",
      "common_attrs": {
        "compile_data_glob": [
          "**"
        ],
        "crate_features": [
          "raw"
        ],
        "edition": "2021",
        "version": "0.12.1"
      },
      "license": "MIT OR Apache-2.0"
    },
    "indexmap 1.9.0": {
      "name": "indexmap",
      "version": "1.9.0",
      "repository": {
        "Http": {
          "url": "https://crates.io/api/v1/crates/indexmap/1.9.0/download",
          "sha256": "6c6392766afd7964e2531940894cffe4bd8d7d17dbc3c1c4857040fd4b33bdb3"
        }
      },
      "targets": [
        {
          "Library": {
            "crate_name": "indexmap",
            "crate_root": "src/lib.rs",
            "srcs": {
              "include": [
                "**/*.rs"
              ],
              "exclude": []
            }
          }
        },
        {
          "BuildScript": {
            "crate_name": "build_script_build",
            "crate_root": "build.rs",
            "srcs": {
              "include": [
                "**/*.rs"
              ],
              "exclude": []
            }
          }
        }
      ],
      "library_target_name": "indexmap",
      "common_attrs": {
        "compile_data_glob": [
          "**"
        ],
        "deps": {
          "common": [
            {
              "id": "hashbrown 0.12.1",
              "target": "hashbrown"
            },
            {
              "id": "indexmap 1.9.0",
              "target": "build_script_build"
            }
          ],
          "selects": {}
        },
        "edition": "2021",
        "version": "1.9.0"
      },
      "build_script_attrs": {
        "data_glob": [
          "**"
        ],
        "deps": {
          "common": [
            {
              "id": "autocfg 1.1.0",
              "target": "autocfg"
            }
          ],
          "selects": {}
        }
      },
      "license": "Apache-2.0 OR MIT"
    },
    "libc 0.2.126": {
      "name": "libc",
      "version": "0.2.126",
      "repository": {
        "Http": {
          "url": "https://crates.io/api/v1/crates/libc/0.2.126/download",
          "sha256": "349d5a591cd28b49e1d1037471617a32ddcda5731b99419008085f72d5a53836"
        }
      },
      "targets": [
        {
          "Library": {
            "crate_name": "libc",
            "crate_root": "src/lib.rs",
            "srcs": {
              "include": [
                "**/*.rs"
              ],
              "exclude": []
            }
          }
        },
        {
          "BuildScript": {
            "crate_name": "build_script_build",
            "crate_root": "build.rs",
            "srcs": {
              "include": [
                "**/*.rs"
              ],
              "exclude": []
            }
          }
        }
      ],
      "library_target_name": "libc",
      "common_attrs": {
        "compile_data_glob": [
          "**"
        ],
        "deps": {
          "common": [
            {
              "id": "libc 0.2.126",
              "target": "build_script_build"
            }
          ],
          "selects": {}
        },
        "edition": "2015",
        "version": "0.2.126"
      },
      "build_script_attrs": {
        "data_glob": [
          "**"
        ]
      },
      "license": "MIT OR Apache-2.0"
    },
    "libsqlite3-sys 0.24.2": {
      "name": "libsqlite3-sys",
      "version": "0.24.2",
      "repository": {
        "Http": {
          "url": "https://crates.io/api/v1/crates/libsqlite3-sys/0.24.2/download",
          "sha256": "898745e570c7d0453cc1fbc4a701eb6c662ed54e8fec8b7d14be137ebeeb9d14"
        }
      },
      "targets": [
        {
          "Library": {
            "crate_name": "libsqlite3_sys",
            "crate_root": "src/lib.rs",
            "srcs": {
              "include": [
                "**/*.rs"
              ],
              "exclude": []
            }
          }
        },
        {
          "BuildScript": {
            "crate_name": "build_script_build",
            "crate_root": "build.rs",
            "srcs": {
              "include": [
                "**/*.rs"
              ],
              "exclude": []
            }
          }
        }
      ],
      "library_target_name": "libsqlite3_sys",
      "common_attrs": {
        "compile_data_glob": [
          "**"
        ],
        "crate_features": [
          "bundled_bindings",
          "default",
          "min_sqlite_version_3_6_8",
          "pkg-config",
          "vcpkg"
        ],
        "deps": {
          "common": [
            {
              "id": "libsqlite3-sys 0.24.2",
              "target": "build_script_build"
            }
          ],
          "selects": {}
        },
        "edition": "2018",
        "version": "0.24.2"
      },
      "build_script_attrs": {
        "data_glob": [
          "**"
        ],
        "deps": {
          "common": [
            {
              "id": "pkg-config 0.3.25",
              "target": "pkg_config"
            },
            {
              "id": "vcpkg 0.2.15",
              "target": "vcpkg"
            }
          ],
          "selects": {}
        },
        "links": "sqlite3"
      },
      "license": "MIT"
    },
    "migrations_internals 2.0.0-rc.0": {
      "name": "migrations_internals",
      "version": "2.0.0-rc.0",
      "repository": {
        "Http": {
          "url": "https://crates.io/api/v1/crates/migrations_internals/2.0.0-rc.0/download",
          "sha256": "61e2226081f9176165a49b006a0729de8cafa749615b349e15c444dbd39e4d9d"
        }
      },
      "targets": [
        {
          "Library": {
            "crate_name": "migrations_internals",
            "crate_root": "src/lib.rs",
            "srcs": {
              "include": [
                "**/*.rs"
              ],
              "exclude": []
            }
          }
        }
      ],
      "library_target_name": "migrations_internals",
      "common_attrs": {
        "compile_data_glob": [
          "**"
        ],
        "deps": {
          "common": [
            {
              "id": "serde 1.0.137",
              "target": "serde"
            },
            {
              "id": "toml 0.5.9",
              "target": "toml"
            }
          ],
          "selects": {}
        },
        "edition": "2015",
        "version": "2.0.0-rc.0"
      },
      "license": "MIT OR Apache-2.0"
    },
    "migrations_macros 2.0.0-rc.0": {
      "name": "migrations_macros",
      "version": "2.0.0-rc.0",
      "repository": {
        "Http": {
          "url": "https://crates.io/api/v1/crates/migrations_macros/2.0.0-rc.0/download",
          "sha256": "37dbadac6f186c134552cd9a0ec14b157cf4f04eacacebd5e6c1bfc6aeb158b3"
        }
      },
      "targets": [
        {
          "ProcMacro": {
            "crate_name": "migrations_macros",
            "crate_root": "src/lib.rs",
            "srcs": {
              "include": [
                "**/*.rs"
              ],
              "exclude": []
            }
          }
        }
      ],
      "library_target_name": "migrations_macros",
      "common_attrs": {
        "compile_data_glob": [
          "**"
        ],
        "crate_features": [
          "default"
        ],
        "deps": {
          "common": [
            {
              "id": "migrations_internals 2.0.0-rc.0",
              "target": "migrations_internals"
            },
            {
              "id": "proc-macro2 1.0.39",
              "target": "proc_macro2"
            },
            {
              "id": "quote 1.0.19",
              "target": "quote"
            }
          ],
          "selects": {}
        },
        "edition": "2018",
        "version": "2.0.0-rc.0"
      },
      "license": "MIT OR Apache-2.0"
    },
    "os_str_bytes 6.1.0": {
      "name": "os_str_bytes",
      "version": "6.1.0",
      "repository": {
        "Http": {
          "url": "https://crates.io/api/v1/crates/os_str_bytes/6.1.0/download",
          "sha256": "21326818e99cfe6ce1e524c2a805c189a99b5ae555a35d19f9a284b427d86afa"
        }
      },
      "targets": [
        {
          "Library": {
            "crate_name": "os_str_bytes",
            "crate_root": "src/lib.rs",
            "srcs": {
              "include": [
                "**/*.rs"
              ],
              "exclude": []
            }
          }
        }
      ],
      "library_target_name": "os_str_bytes",
      "common_attrs": {
        "compile_data_glob": [
          "**"
        ],
        "crate_features": [
          "raw_os_str"
        ],
        "edition": "2018",
        "version": "6.1.0"
      },
      "license": "MIT OR Apache-2.0"
    },
    "pkg-config 0.3.25": {
      "name": "pkg-config",
      "version": "0.3.25",
      "repository": {
        "Http": {
          "url": "https://crates.io/api/v1/crates/pkg-config/0.3.25/download",
          "sha256": "1df8c4ec4b0627e53bdf214615ad287367e482558cf84b109250b37464dc03ae"
        }
      },
      "targets": [
        {
          "Library": {
            "crate_name": "pkg_config",
            "crate_root": "src/lib.rs",
            "srcs": {
              "include": [
                "**/*.rs"
              ],
              "exclude": []
            }
          }
        }
      ],
      "library_target_name": "pkg_config",
      "common_attrs": {
        "compile_data_glob": [
          "**"
        ],
        "edition": "2015",
        "version": "0.3.25"
      },
      "license": "MIT OR Apache-2.0"
    },
    "ppv-lite86 0.2.16": {
      "name": "ppv-lite86",
      "version": "0.2.16",
      "repository": {
        "Http": {
          "url": "https://crates.io/api/v1/crates/ppv-lite86/0.2.16/download",
          "sha256": "eb9f9e6e233e5c4a35559a617bf40a4ec447db2e84c20b55a6f83167b7e57872"
        }
      },
      "targets": [
        {
          "Library": {
            "crate_name": "ppv_lite86",
            "crate_root": "src/lib.rs",
            "srcs": {
              "include": [
                "**/*.rs"
              ],
              "exclude": []
            }
          }
        }
      ],
      "library_target_name": "ppv_lite86",
      "common_attrs": {
        "compile_data_glob": [
          "**"
        ],
        "crate_features": [
          "simd",
          "std"
        ],
        "edition": "2018",
        "version": "0.2.16"
      },
      "license": "MIT/Apache-2.0"
    },
    "proc-macro-error 1.0.4": {
      "name": "proc-macro-error",
      "version": "1.0.4",
      "repository": {
        "Http": {
          "url": "https://crates.io/api/v1/crates/proc-macro-error/1.0.4/download",
          "sha256": "da25490ff9892aab3fcf7c36f08cfb902dd3e71ca0f9f9517bea02a73a5ce38c"
        }
      },
      "targets": [
        {
          "Library": {
            "crate_name": "proc_macro_error",
            "crate_root": "src/lib.rs",
            "srcs": {
              "include": [
                "**/*.rs"
              ],
              "exclude": []
            }
          }
        },
        {
          "BuildScript": {
            "crate_name": "build_script_build",
            "crate_root": "build.rs",
            "srcs": {
              "include": [
                "**/*.rs"
              ],
              "exclude": []
            }
          }
        }
      ],
      "library_target_name": "proc_macro_error",
      "common_attrs": {
        "compile_data_glob": [
          "**"
        ],
        "crate_features": [
          "default",
          "syn",
          "syn-error"
        ],
        "deps": {
          "common": [
            {
              "id": "proc-macro-error 1.0.4",
              "target": "build_script_build"
            },
            {
              "id": "proc-macro2 1.0.39",
              "target": "proc_macro2"
            },
            {
              "id": "quote 1.0.19",
              "target": "quote"
            },
            {
              "id": "syn 1.0.98",
              "target": "syn"
            }
          ],
          "selects": {}
        },
        "edition": "2018",
        "proc_macro_deps": {
          "common": [
            {
              "id": "proc-macro-error-attr 1.0.4",
              "target": "proc_macro_error_attr"
            }
          ],
          "selects": {}
        },
        "version": "1.0.4"
      },
      "build_script_attrs": {
        "data_glob": [
          "**"
        ],
        "deps": {
          "common": [
            {
              "id": "version_check 0.9.4",
              "target": "version_check"
            }
          ],
          "selects": {}
        }
      },
      "license": "MIT OR Apache-2.0"
    },
    "proc-macro-error-attr 1.0.4": {
      "name": "proc-macro-error-attr",
      "version": "1.0.4",
      "repository": {
        "Http": {
          "url": "https://crates.io/api/v1/crates/proc-macro-error-attr/1.0.4/download",
          "sha256": "a1be40180e52ecc98ad80b184934baf3d0d29f979574e439af5a55274b35f869"
        }
      },
      "targets": [
        {
          "ProcMacro": {
            "crate_name": "proc_macro_error_attr",
            "crate_root": "src/lib.rs",
            "srcs": {
              "include": [
                "**/*.rs"
              ],
              "exclude": []
            }
          }
        },
        {
          "BuildScript": {
            "crate_name": "build_script_build",
            "crate_root": "build.rs",
            "srcs": {
              "include": [
                "**/*.rs"
              ],
              "exclude": []
            }
          }
        }
      ],
      "library_target_name": "proc_macro_error_attr",
      "common_attrs": {
        "compile_data_glob": [
          "**"
        ],
        "deps": {
          "common": [
            {
              "id": "proc-macro-error-attr 1.0.4",
              "target": "build_script_build"
            },
            {
              "id": "proc-macro2 1.0.39",
              "target": "proc_macro2"
            },
            {
              "id": "quote 1.0.19",
              "target": "quote"
            }
          ],
          "selects": {}
        },
        "edition": "2018",
        "version": "1.0.4"
      },
      "build_script_attrs": {
        "data_glob": [
          "**"
        ],
        "deps": {
          "common": [
            {
              "id": "version_check 0.9.4",
              "target": "version_check"
            }
          ],
          "selects": {}
        }
      },
      "license": "MIT OR Apache-2.0"
    },
    "proc-macro2 1.0.39": {
      "name": "proc-macro2",
      "version": "1.0.39",
      "repository": {
        "Http": {
          "url": "https://crates.io/api/v1/crates/proc-macro2/1.0.39/download",
          "sha256": "c54b25569025b7fc9651de43004ae593a75ad88543b17178aa5e1b9c4f15f56f"
        }
      },
      "targets": [
        {
          "Library": {
            "crate_name": "proc_macro2",
            "crate_root": "src/lib.rs",
            "srcs": {
              "include": [
                "**/*.rs"
              ],
              "exclude": []
            }
          }
        },
        {
          "BuildScript": {
            "crate_name": "build_script_build",
            "crate_root": "build.rs",
            "srcs": {
              "include": [
                "**/*.rs"
              ],
              "exclude": []
            }
          }
        }
      ],
      "library_target_name": "proc_macro2",
      "common_attrs": {
        "compile_data_glob": [
          "**"
        ],
        "crate_features": [
          "default",
          "proc-macro"
        ],
        "deps": {
          "common": [
            {
              "id": "proc-macro2 1.0.39",
              "target": "build_script_build"
            },
            {
              "id": "unicode-ident 1.0.1",
              "target": "unicode_ident"
            }
          ],
          "selects": {}
        },
        "edition": "2018",
        "version": "1.0.39"
      },
      "build_script_attrs": {
        "data_glob": [
          "**"
        ]
      },
      "license": "MIT OR Apache-2.0"
    },
    "quote 1.0.19": {
      "name": "quote",
      "version": "1.0.19",
      "repository": {
        "Http": {
          "url": "https://crates.io/api/v1/crates/quote/1.0.19/download",
          "sha256": "f53dc8cf16a769a6f677e09e7ff2cd4be1ea0f48754aac39520536962011de0d"
        }
      },
      "targets": [
        {
          "Library": {
            "crate_name": "quote",
            "crate_root": "src/lib.rs",
            "srcs": {
              "include": [
                "**/*.rs"
              ],
              "exclude": []
            }
          }
        }
      ],
      "library_target_name": "quote",
      "common_attrs": {
        "compile_data_glob": [
          "**"
        ],
        "crate_features": [
          "default",
          "proc-macro"
        ],
        "deps": {
          "common": [
            {
              "id": "proc-macro2 1.0.39",
              "target": "proc_macro2"
            }
          ],
          "selects": {}
        },
        "edition": "2018",
        "version": "1.0.19"
      },
      "license": "MIT OR Apache-2.0"
    },
    "rand 0.8.5": {
      "name": "rand",
      "version": "0.8.5",
      "repository": {
        "Http": {
          "url": "https://crates.io/api/v1/crates/rand/0.8.5/download",
          "sha256": "34af8d1a0e25924bc5b7c43c079c942339d8f0a8b57c39049bef581b46327404"
        }
      },
      "targets": [
        {
          "Library": {
            "crate_name": "rand",
            "crate_root": "src/lib.rs",
            "srcs": {
              "include": [
                "**/*.rs"
              ],
              "exclude": []
            }
          }
        }
      ],
      "library_target_name": "rand",
      "common_attrs": {
        "compile_data_glob": [
          "**"
        ],
        "crate_features": [
          "alloc",
          "default",
          "getrandom",
          "libc",
          "rand_chacha",
          "std",
          "std_rng"
        ],
        "deps": {
          "common": [
            {
              "id": "rand_chacha 0.3.1",
              "target": "rand_chacha"
            },
            {
              "id": "rand_core 0.6.3",
              "target": "rand_core"
            }
          ],
          "selects": {
            "cfg(unix)": [
              {
                "id": "libc 0.2.126",
                "target": "libc"
              }
            ]
          }
        },
        "edition": "2018",
        "version": "0.8.5"
      },
      "license": "MIT OR Apache-2.0"
    },
    "rand_chacha 0.3.1": {
      "name": "rand_chacha",
      "version": "0.3.1",
      "repository": {
        "Http": {
          "url": "https://crates.io/api/v1/crates/rand_chacha/0.3.1/download",
          "sha256": "e6c10a63a0fa32252be49d21e7709d4d4baf8d231c2dbce1eaa8141b9b127d88"
        }
      },
      "targets": [
        {
          "Library": {
            "crate_name": "rand_chacha",
            "crate_root": "src/lib.rs",
            "srcs": {
              "include": [
                "**/*.rs"
              ],
              "exclude": []
            }
          }
        }
      ],
      "library_target_name": "rand_chacha",
      "common_attrs": {
        "compile_data_glob": [
          "**"
        ],
        "crate_features": [
          "std"
        ],
        "deps": {
          "common": [
            {
              "id": "ppv-lite86 0.2.16",
              "target": "ppv_lite86"
            },
            {
              "id": "rand_core 0.6.3",
              "target": "rand_core"
            }
          ],
          "selects": {}
        },
        "edition": "2018",
        "version": "0.3.1"
      },
      "license": "MIT OR Apache-2.0"
    },
    "rand_core 0.6.3": {
      "name": "rand_core",
      "version": "0.6.3",
      "repository": {
        "Http": {
          "url": "https://crates.io/api/v1/crates/rand_core/0.6.3/download",
          "sha256": "d34f1408f55294453790c48b2f1ebbb1c5b4b7563eb1f418bcfcfdbb06ebb4e7"
        }
      },
      "targets": [
        {
          "Library": {
            "crate_name": "rand_core",
            "crate_root": "src/lib.rs",
            "srcs": {
              "include": [
                "**/*.rs"
              ],
              "exclude": []
            }
          }
        }
      ],
      "library_target_name": "rand_core",
      "common_attrs": {
        "compile_data_glob": [
          "**"
        ],
        "crate_features": [
          "alloc",
          "getrandom",
          "std"
        ],
        "deps": {
          "common": [
            {
              "id": "getrandom 0.2.7",
              "target": "getrandom"
            }
          ],
          "selects": {}
        },
        "edition": "2018",
        "version": "0.6.3"
      },
      "license": "MIT OR Apache-2.0"
    },
    "serde 1.0.137": {
      "name": "serde",
      "version": "1.0.137",
      "repository": {
        "Http": {
          "url": "https://crates.io/api/v1/crates/serde/1.0.137/download",
          "sha256": "61ea8d54c77f8315140a05f4c7237403bf38b72704d031543aa1d16abbf517d1"
        }
      },
      "targets": [
        {
          "Library": {
            "crate_name": "serde",
            "crate_root": "src/lib.rs",
            "srcs": {
              "include": [
                "**/*.rs"
              ],
              "exclude": []
            }
          }
        },
        {
          "BuildScript": {
            "crate_name": "build_script_build",
            "crate_root": "build.rs",
            "srcs": {
              "include": [
                "**/*.rs"
              ],
              "exclude": []
            }
          }
        }
      ],
      "library_target_name": "serde",
      "common_attrs": {
        "compile_data_glob": [
          "**"
        ],
        "crate_features": [
          "default",
          "derive",
          "serde_derive",
          "std"
        ],
        "deps": {
          "common": [
            {
              "id": "serde 1.0.137",
              "target": "build_script_build"
            }
          ],
          "selects": {}
        },
        "edition": "2015",
        "proc_macro_deps": {
          "common": [
            {
              "id": "serde_derive 1.0.137",
              "target": "serde_derive"
            }
          ],
          "selects": {}
        },
        "version": "1.0.137"
      },
      "build_script_attrs": {
        "data_glob": [
          "**"
        ]
      },
      "license": "MIT OR Apache-2.0"
    },
    "serde_derive 1.0.137": {
      "name": "serde_derive",
      "version": "1.0.137",
      "repository": {
        "Http": {
          "url": "https://crates.io/api/v1/crates/serde_derive/1.0.137/download",
          "sha256": "1f26faba0c3959972377d3b2d306ee9f71faee9714294e41bb777f83f88578be"
        }
      },
      "targets": [
        {
          "ProcMacro": {
            "crate_name": "serde_derive",
            "crate_root": "src/lib.rs",
            "srcs": {
              "include": [
                "**/*.rs"
              ],
              "exclude": []
            }
          }
        },
        {
          "BuildScript": {
            "crate_name": "build_script_build",
            "crate_root": "build.rs",
            "srcs": {
              "include": [
                "**/*.rs"
              ],
              "exclude": []
            }
          }
        }
      ],
      "library_target_name": "serde_derive",
      "common_attrs": {
        "compile_data_glob": [
          "**"
        ],
        "crate_features": [
          "default"
        ],
        "deps": {
          "common": [
            {
              "id": "proc-macro2 1.0.39",
              "target": "proc_macro2"
            },
            {
              "id": "quote 1.0.19",
              "target": "quote"
            },
            {
              "id": "serde_derive 1.0.137",
              "target": "build_script_build"
            },
            {
              "id": "syn 1.0.98",
              "target": "syn"
            }
          ],
          "selects": {}
        },
        "edition": "2015",
        "version": "1.0.137"
      },
      "build_script_attrs": {
        "data_glob": [
          "**"
        ]
      },
      "license": "MIT OR Apache-2.0"
    },
    "syn 1.0.98": {
      "name": "syn",
      "version": "1.0.98",
      "repository": {
        "Http": {
          "url": "https://crates.io/api/v1/crates/syn/1.0.98/download",
          "sha256": "c50aef8a904de4c23c788f104b7dddc7d6f79c647c7c8ce4cc8f73eb0ca773dd"
        }
      },
      "targets": [
        {
          "Library": {
            "crate_name": "syn",
            "crate_root": "src/lib.rs",
            "srcs": {
              "include": [
                "**/*.rs"
              ],
              "exclude": []
            }
          }
        },
        {
          "BuildScript": {
            "crate_name": "build_script_build",
            "crate_root": "build.rs",
            "srcs": {
              "include": [
                "**/*.rs"
              ],
              "exclude": []
            }
          }
        }
      ],
      "library_target_name": "syn",
      "common_attrs": {
        "compile_data_glob": [
          "**"
        ],
        "crate_features": [
          "clone-impls",
          "default",
          "derive",
          "fold",
          "parsing",
          "printing",
          "proc-macro",
          "quote"
        ],
        "deps": {
          "common": [
            {
              "id": "proc-macro2 1.0.39",
              "target": "proc_macro2"
            },
            {
              "id": "quote 1.0.19",
              "target": "quote"
            },
            {
              "id": "syn 1.0.98",
              "target": "build_script_build"
            },
            {
              "id": "unicode-ident 1.0.1",
              "target": "unicode_ident"
            }
          ],
          "selects": {}
        },
        "edition": "2018",
        "version": "1.0.98"
      },
      "build_script_attrs": {
        "data_glob": [
          "**"
        ]
      },
      "license": "MIT OR Apache-2.0"
    },
    "textwrap 0.15.0": {
      "name": "textwrap",
      "version": "0.15.0",
      "repository": {
        "Http": {
          "url": "https://crates.io/api/v1/crates/textwrap/0.15.0/download",
          "sha256": "b1141d4d61095b28419e22cb0bbf02755f5e54e0526f97f1e3d1d160e60885fb"
        }
      },
      "targets": [
        {
          "Library": {
            "crate_name": "textwrap",
            "crate_root": "src/lib.rs",
            "srcs": {
              "include": [
                "**/*.rs"
              ],
              "exclude": []
            }
          }
        }
      ],
      "library_target_name": "textwrap",
      "common_attrs": {
        "compile_data_glob": [
          "**"
        ],
        "edition": "2018",
        "version": "0.15.0"
      },
      "license": "MIT"
    },
    "toml 0.5.9": {
      "name": "toml",
      "version": "0.5.9",
      "repository": {
        "Http": {
          "url": "https://crates.io/api/v1/crates/toml/0.5.9/download",
          "sha256": "8d82e1a7758622a465f8cee077614c73484dac5b836c02ff6a40d5d1010324d7"
        }
      },
      "targets": [
        {
          "Library": {
            "crate_name": "toml",
            "crate_root": "src/lib.rs",
            "srcs": {
              "include": [
                "**/*.rs"
              ],
              "exclude": []
            }
          }
        }
      ],
      "library_target_name": "toml",
      "common_attrs": {
        "compile_data_glob": [
          "**"
        ],
        "crate_features": [
          "default"
        ],
        "deps": {
          "common": [
            {
              "id": "serde 1.0.137",
              "target": "serde"
            }
          ],
          "selects": {}
        },
        "edition": "2018",
        "version": "0.5.9"
      },
      "license": "MIT/Apache-2.0"
    },
    "unicode-ident 1.0.1": {
      "name": "unicode-ident",
      "version": "1.0.1",
      "repository": {
        "Http": {
          "url": "https://crates.io/api/v1/crates/unicode-ident/1.0.1/download",
          "sha256": "5bd2fe26506023ed7b5e1e315add59d6f584c621d037f9368fea9cfb988f368c"
        }
      },
      "targets": [
        {
          "Library": {
            "crate_name": "unicode_ident",
            "crate_root": "src/lib.rs",
            "srcs": {
              "include": [
                "**/*.rs"
              ],
              "exclude": []
            }
          }
        }
      ],
      "library_target_name": "unicode_ident",
      "common_attrs": {
        "compile_data_glob": [
          "**"
        ],
        "edition": "2018",
        "version": "1.0.1"
      },
      "license": "MIT OR Apache-2.0"
    },
    "vcpkg 0.2.15": {
      "name": "vcpkg",
      "version": "0.2.15",
      "repository": {
        "Http": {
          "url": "https://crates.io/api/v1/crates/vcpkg/0.2.15/download",
          "sha256": "accd4ea62f7bb7a82fe23066fb0957d48ef677f6eeb8215f372f52e48bb32426"
        }
      },
      "targets": [
        {
          "Library": {
            "crate_name": "vcpkg",
            "crate_root": "src/lib.rs",
            "srcs": {
              "include": [
                "**/*.rs"
              ],
              "exclude": []
            }
          }
        }
      ],
      "library_target_name": "vcpkg",
      "common_attrs": {
        "compile_data_glob": [
          "**"
        ],
        "edition": "2015",
        "version": "0.2.15"
      },
      "license": "MIT/Apache-2.0"
    },
    "version_check 0.9.4": {
      "name": "version_check",
      "version": "0.9.4",
      "repository": {
        "Http": {
          "url": "https://crates.io/api/v1/crates/version_check/0.9.4/download",
          "sha256": "49874b5167b65d7193b8aba1567f5c7d93d001cafc34600cee003eda787e483f"
        }
      },
      "targets": [
        {
          "Library": {
            "crate_name": "version_check",
            "crate_root": "src/lib.rs",
            "srcs": {
              "include": [
                "**/*.rs"
              ],
              "exclude": []
            }
          }
        }
      ],
      "library_target_name": "version_check",
      "common_attrs": {
        "compile_data_glob": [
          "**"
        ],
        "edition": "2015",
        "version": "0.9.4"
      },
      "license": "MIT/Apache-2.0"
    },
    "wasi 0.11.0+wasi-snapshot-preview1": {
      "name": "wasi",
      "version": "0.11.0+wasi-snapshot-preview1",
      "repository": {
        "Http": {
          "url": "https://crates.io/api/v1/crates/wasi/0.11.0+wasi-snapshot-preview1/download",
          "sha256": "9c8d87e72b64a3b4db28d11ce29237c246188f4f51057d65a7eab63b7987e423"
        }
      },
      "targets": [
        {
          "Library": {
            "crate_name": "wasi",
            "crate_root": "src/lib.rs",
            "srcs": {
              "include": [
                "**/*.rs"
              ],
              "exclude": []
            }
          }
        }
      ],
      "library_target_name": "wasi",
      "common_attrs": {
        "compile_data_glob": [
          "**"
        ],
        "crate_features": [
          "default",
          "std"
        ],
        "edition": "2018",
        "version": "0.11.0+wasi-snapshot-preview1"
      },
      "license": "Apache-2.0 WITH LLVM-exception OR Apache-2.0 OR MIT"
    }
  },
  "binary_crates": [
    "clap 3.2.5"
  ],
  "workspace_members": {
    "direct-cargo-bazel-deps 0.0.1": ""
  },
  "conditions": {
    "cfg(target_os = \"wasi\")": [
      "wasm32-wasi"
    ],
    "cfg(unix)": [
      "aarch64-apple-darwin",
      "aarch64-apple-ios",
      "aarch64-apple-ios-sim",
      "aarch64-linux-android",
      "aarch64-unknown-linux-gnu",
      "arm-unknown-linux-gnueabi",
      "armv7-linux-androideabi",
      "armv7-unknown-linux-gnueabi",
      "i686-apple-darwin",
      "i686-linux-android",
      "i686-unknown-freebsd",
      "i686-unknown-linux-gnu",
      "powerpc-unknown-linux-gnu",
      "s390x-unknown-linux-gnu",
      "x86_64-apple-darwin",
      "x86_64-apple-ios",
      "x86_64-linux-android",
      "x86_64-unknown-freebsd",
      "x86_64-unknown-linux-gnu"
    ]
  }
}
